
Microsoft Visual Studio Solution File, Format Version 12.00
# Visual Studio Version 16
VisualStudioVersion = 25.0.1705.2
MinimumVisualStudioVersion = 10.0.40219.1
Project("{FAE04EC0-301F-11D3-BF4B-00C04F79EFBC}") = "LaprakWeek5", "LaprakWeek5\LaprakWeek5.csproj", "{A93D7B65-14F6-4954-8978-7EAC2F9E6D93}"
EndProject
Global
	GlobalSection(SolutionConfigurationPlatforms) = preSolution
		Debug|Any CPU = Debug|Any CPU
		Release|Any CPU = Release|Any CPU
	EndGlobalSection
	GlobalSection(ProjectConfigurationPlatforms) = postSolution
		{A93D7B65-14F6-4954-8978-7EAC2F9E6D93}.Debug|Any CPU.ActiveCfg = Debug|Any CPU
		{A93D7B65-14F6-4954-8978-7EAC2F9E6D93}.Debug|Any CPU.Build.0 = Debug|Any CPU
		{A93D7B65-14F6-4954-8978-7EAC2F9E6D93}.Release|Any CPU.ActiveCfg = Release|Any CPU
		{A93D7B65-14F6-4954-8978-7EAC2F9E6D93}.Release|Any CPU.Build.0 = Release|Any CPU
	EndGlobalSection
	GlobalSection(SolutionProperties) = preSolution
		HideSolutionNode = FALSE
	EndGlobalSection
	GlobalSection(ExtensibilityGlobals) = postSolution
		SolutionGuid = {29484380-9365-4D79-BF3C-811D5154E75C}
	EndGlobalSection
EndGlobal
